// !$*UTF8*$!
{
	archiveVersion = 1;
	classes = {
	};
	objectVersion = 77;
	objects = {

/* Begin PBXContainerItemProxy section */
		E269D15B2E36B23F00AB4D58 /* PBXContainerItemProxy */ = {
			isa = PBXContainerItemProxy;
			containerPortal = E269D13E2E36B23D00AB4D58 /* Project object */;
			proxyType = 1;
			remoteGlobalIDString = E269D1452E36B23D00AB4D58;
			remoteInfo = cathnow;
		};
		E269D1652E36B23F00AB4D58 /* PBXContainerItemProxy */ = {
			isa = PBXContainerItemProxy;
			containerPortal = E269D13E2E36B23D00AB4D58 /* Project object */;
			proxyType = 1;
			remoteGlobalIDString = E269D1452E36B23D00AB4D58;
			remoteInfo = cathnow;
		};
/* End PBXContainerItemProxy section */

/* Begin PBXFileReference section */
		E269D1462E36B23D00AB4D58 /* cathnow.app */ = {isa = PBXFileReference; explicitFileType = wrapper.application; includeInIndex = 0; path = cathnow.app; sourceTree = BUILT_PRODUCTS_DIR; };
		E269D15A2E36B23F00AB4D58 /* cathnowTests.xctest */ = {isa = PBXFileReference; explicitFileType = wrapper.cfbundle; includeInIndex = 0; path = cathnowTests.xctest; sourceTree = BUILT_PRODUCTS_DIR; };
		E269D1642E36B23F00AB4D58 /* cathnowUITests.xctest */ = {isa = PBXFileReference; explicitFileType = wrapper.cfbundle; includeInIndex = 0; path = cathnowUITests.xctest; sourceTree = BUILT_PRODUCTS_DIR; };
/* End PBXFileReference section */

/* Begin PBXFileSystemSynchronizedBuildFileExceptionSet section */
		E269D16C2E36B23F00AB4D58 /* Exceptions for "cathnow" folder in "cathnow" target */ = {
			isa = PBXFileSystemSynchronizedBuildFileExceptionSet;
			membershipExceptions = (
				Info.plist,
			);
			target = E269D1452E36B23D00AB4D58 /* cathnow */;
		};
/* End PBXFileSystemSynchronizedBuildFileExceptionSet section */

/* Begin PBXFileSystemSynchronizedRootGroup section */
		E269D1482E36B23D00AB4D58 /* cathnow */ = {
			isa = PBXFileSystemSynchronizedRootGroup;
			exceptions = (
				E269D16C2E36B23F00AB4D58 /* Exceptions for "cathnow" folder in "cathnow" target */,
			);
			path = cathnow;
			sourceTree = "<group>";
		};
		E269D15D2E36B23F00AB4D58 /* cathnowTests */ = {
			isa = PBXFileSystemSynchronizedRootGroup;
			path = cathnowTests;
			sourceTree = "<group>";
		};
		E269D1672E36B23F00AB4D58 /* cathnowUITests */ = {
			isa = PBXFileSystemSynchronizedRootGroup;
			path = cathnowUITests;
			sourceTree = "<group>";
		};
/* End PBXFileSystemSynchronizedRootGroup section */

/* Begin PBXFrameworksBuildPhase section */
		E269D1432E36B23D00AB4D58 /* Frameworks */ = {
			isa = PBXFrameworksBuildPhase;
			buildActionMask = 2147483647;
			files = (
			);
			runOnlyForDeploymentPostprocessing = 0;
		};
		E269D1572E36B23F00AB4D58 /* Frameworks */ = {
			isa = PBXFrameworksBuildPhase;
			buildActionMask = 2147483647;
			files = (
			);
			runOnlyForDeploymentPostprocessing = 0;
		};
		E269D1612E36B23F00AB4D58 /* Frameworks */ = {
			isa = PBXFrameworksBuildPhase;
			buildActionMask = 2147483647;
			files = (
			);
			runOnlyForDeploymentPostprocessing = 0;
		};
/* End PBXFrameworksBuildPhase section */

/* Begin PBXGroup section */
		E269D13D2E36B23D00AB4D58 = {
			isa = PBXGroup;
			children = (
				E269D1482E36B23D00AB4D58 /* cathnow */,
				E269D15D2E36B23F00AB4D58 /* cathnowTests */,
				E269D1672E36B23F00AB4D58 /* cathnowUITests */,
				E269D1472E36B23D00AB4D58 /* Products */,
			);
			sourceTree = "<group>";
		};
		E269D1472E36B23D00AB4D58 /* Products */ = {
			isa = PBXGroup;
			children = (
				E269D1462E36B23D00AB4D58 /* cathnow.app */,
				E269D15A2E36B23F00AB4D58 /* cathnowTests.xctest */,
				E269D1642E36B23F00AB4D58 /* cathnowUITests.xctest */,
			);
			name = Products;
			sourceTree = "<group>";
		};
/* End PBXGroup section */

/* Begin PBXNativeTarget section */
		E269D1452E36B23D00AB4D58 /* cathnow */ = {
			isa = PBXNativeTarget;
			buildConfigurationList = E269D16D2E36B23F00AB4D58 /* Build configuration list for PBXNativeTarget "cathnow" */;
			buildPhases = (
				E269D1422E36B23D00AB4D58 /* Sources */,
				E269D1432E36B23D00AB4D58 /* Frameworks */,
				E269D1442E36B23D00AB4D58 /* Resources */,
			);
			buildRules = (
			);
			dependencies = (
			);
			fileSystemSynchronizedGroups = (
				E269D1482E36B23D00AB4D58 /* cathnow */,
			);
			name = cathnow;
			packageProductDependencies = (
			);
			productName = cathnow;
			productReference = E269D1462E36B23D00AB4D58 /* cathnow.app */;
			productType = "com.apple.product-type.application";
		};
		E269D1592E36B23F00AB4D58 /* cathnowTests */ = {
			isa = PBXNativeTarget;
			buildConfigurationList = E269D1722E36B23F00AB4D58 /* Build configuration list for PBXNativeTarget "cathnowTests" */;
			buildPhases = (
				E269D1562E36B23F00AB4D58 /* Sources */,
				E269D1572E36B23F00AB4D58 /* Frameworks */,
				E269D1582E36B23F00AB4D58 /* Resources */,
			);
			buildRules = (
			);
			dependencies = (
				E269D15C2E36B23F00AB4D58 /* PBXTargetDependency */,
			);
			fileSystemSynchronizedGroups = (
				E269D15D2E36B23F00AB4D58 /* cathnowTests */,
			);
			name = cathnowTests;
			packageProductDependencies = (
			);
			productName = cathnowTests;
			productReference = E269D15A2E36B23F00AB4D58 /* cathnowTests.xctest */;
			productType = "com.apple.product-type.bundle.unit-test";
		};
		E269D1632E36B23F00AB4D58 /* cathnowUITests */ = {
			isa = PBXNativeTarget;
			buildConfigurationList = E269D1752E36B23F00AB4D58 /* Build configuration list for PBXNativeTarget "cathnowUITests" */;
			buildPhases = (
				E269D1602E36B23F00AB4D58 /* Sources */,
				E269D1612E36B23F00AB4D58 /* Frameworks */,
				E269D1622E36B23F00AB4D58 /* Resources */,
			);
			buildRules = (
			);
			dependencies = (
				E269D1662E36B23F00AB4D58 /* PBXTargetDependency */,
			);
			fileSystemSynchronizedGroups = (
				E269D1672E36B23F00AB4D58 /* cathnowUITests */,
			);
			name = cathnowUITests;
			packageProductDependencies = (
			);
			productName = cathnowUITests;
			productReference = E269D1642E36B23F00AB4D58 /* cathnowUITests.xctest */;
			productType = "com.apple.product-type.bundle.ui-testing";
		};
/* End PBXNativeTarget section */

/* Begin PBXProject section */
		E269D13E2E36B23D00AB4D58 /* Project object */ = {
			isa = PBXProject;
			attributes = {
				BuildIndependentTargetsInParallel = 1;
				LastSwiftUpdateCheck = 1640;
				LastUpgradeCheck = 1640;
				TargetAttributes = {
					E269D1452E36B23D00AB4D58 = {
						CreatedOnToolsVersion = 16.4;
					};
					E269D1592E36B23F00AB4D58 = {
						CreatedOnToolsVersion = 16.4;
						TestTargetID = E269D1452E36B23D00AB4D58;
					};
					E269D1632E36B23F00AB4D58 = {
						CreatedOnToolsVersion = 16.4;
						TestTargetID = E269D1452E36B23D00AB4D58;
					};
				};
			};
			buildConfigurationList = E269D1412E36B23D00AB4D58 /* Build configuration list for PBXProject "cathnow" */;
			developmentRegion = en;
			hasScannedForEncodings = 0;
			knownRegions = (
				en,
				Base,
			);
			mainGroup = E269D13D2E36B23D00AB4D58;
			minimizedProjectReferenceProxies = 1;
			preferredProjectObjectVersion = 77;
			productRefGroup = E269D1472E36B23D00AB4D58 /* Products */;
			projectDirPath = "";
			projectRoot = "";
			targets = (
				E269D1452E36B23D00AB4D58 /* cathnow */,
				E269D1592E36B23F00AB4D58 /* cathnowTests */,
				E269D1632E36B23F00AB4D58 /* cathnowUITests */,
			);
		};
/* End PBXProject section */

/* Begin PBXResourcesBuildPhase section */
		E269D1442E36B23D00AB4D58 /* Resources */ = {
			isa = PBXResourcesBuildPhase;
			buildActionMask = 2147483647;
			files = (
			);
			runOnlyForDeploymentPostprocessing = 0;
		};
		E269D1582E36B23F00AB4D58 /* Resources */ = {
			isa = PBXResourcesBuildPhase;
			buildActionMask = 2147483647;
			files = (
			);
			runOnlyForDeploymentPostprocessing = 0;
		};
		E269D1622E36B23F00AB4D58 /* Resources */ = {
			isa = PBXResourcesBuildPhase;
			buildActionMask = 2147483647;
			files = (
			);
			runOnlyForDeploymentPostprocessing = 0;
		};
/* End PBXResourcesBuildPhase section */

/* Begin PBXSourcesBuildPhase section */
		E269D1422E36B23D00AB4D58 /* Sources */ = {
			isa = PBXSourcesBuildPhase;
			buildActionMask = 2147483647;
			files = (
			);
			runOnlyForDeploymentPostprocessing = 0;
		};
		E269D1562E36B23F00AB4D58 /* Sources */ = {
			isa = PBXSourcesBuildPhase;
			buildActionMask = 2147483647;
			files = (
			);
			runOnlyForDeploymentPostprocessing = 0;
		};
		E269D1602E36B23F00AB4D58 /* Sources */ = {
			isa = PBXSourcesBuildPhase;
			buildActionMask = 2147483647;
			files = (
			);
			runOnlyForDeploymentPostprocessing = 0;
		};
/* End PBXSourcesBuildPhase section */

/* Begin PBXTargetDependency section */
		E269D15C2E36B23F00AB4D58 /* PBXTargetDependency */ = {
			isa = PBXTargetDependency;
			target = E269D1452E36B23D00AB4D58 /* cathnow */;
			targetProxy = E269D15B2E36B23F00AB4D58 /* PBXContainerItemProxy */;
		};
		E269D1662E36B23F00AB4D58 /* PBXTargetDependency */ = {
			isa = PBXTargetDependency;
			target = E269D1452E36B23D00AB4D58 /* cathnow */;
			targetProxy = E269D1652E36B23F00AB4D58 /* PBXContainerItemProxy */;
		};
/* End PBXTargetDependency section */

/* Begin XCBuildConfiguration section */
		E269D16E2E36B23F00AB4D58 /* Debug */ = {
			isa = XCBuildConfiguration;
			buildSettings = {
				ASSETCATALOG_COMPILER_APPICON_NAME = AppIcon;
				ASSETCATALOG_COMPILER_GLOBAL_ACCENT_COLOR_NAME = AccentColor;
				CODE_SIGN_ENTITLEMENTS = cathnow/cathnow.entitlements;
				CODE_SIGN_STYLE = Automatic;
				CURRENT_PROJECT_VERSION = 1;
				DEVELOPMENT_TEAM = BQZ63PCG8L;
				ENABLE_PREVIEWS = YES;
				GENERATE_INFOPLIST_FILE = YES;
				INFOPLIST_FILE = cathnow/Info.plist;
				INFOPLIST_KEY_UIApplicationSceneManifest_Generation = YES;
				INFOPLIST_KEY_UIApplicationSupportsIndirectInputEvents = YES;
				INFOPLIST_KEY_UILaunchScreen_Generation = YES;
				INFOPLIST_KEY_UISupportedInterfaceOrientations_iPad = "UIInterfaceOrientationPortrait UIInterfaceOrientationPortraitUpsideDown UIInterfaceOrientationLandscapeLeft UIInterfaceOrientationLandscapeRight";
				INFOPLIST_KEY_UISupportedInterfaceOrientations_iPhone = "UIInterfaceOrientationPortrait UIInterfaceOrientationLandscapeLeft UIInterfaceOrientationLandscapeRight";
				LD_RUNPATH_SEARCH_PATHS = (
					"$(inherited)",
					"@executable_path/Frameworks",
				);
				MARKETING_VERSION = 1.0;
				PRODUCT_BUNDLE_IDENTIFIER = org.tomw.cathnow;
				PRODUCT_NAME = "$(TARGET_NAME)";
				SWIFT_EMIT_LOC_STRINGS = YES;
				SWIFT_VERSION = 5.0;
				TARGETED_DEVICE_FAMILY = "1,2";
			};
			name = Debug;
		};
		E269D16F2E36B23F00AB4D58 /* Release */ = {
			isa = XCBuildConfiguration;
			buildSettings = {
				ASSETCATALOG_COMPILER_APPICON_NAME = AppIcon;
				ASSETCATALOG_COMPILER_GLOBAL_ACCENT_COLOR_NAME = AccentColor;
				CODE_SIGN_ENTITLEMENTS = cathnow/cathnow.entitlements;
				CODE_SIGN_STYLE = Automatic;
				CURRENT_PROJECT_VERSION = 1;
				DEVELOPMENT_TEAM = BQZ63PCG8L;
				ENABLE_PREVIEWS = YES;
				GENERATE_INFOPLIST_FILE = YES;
				INFOPLIST_FILE = cathnow/Info.plist;
				INFOPLIST_KEY_UIApplicationSceneManifest_Generation = YES;
				INFOPLIST_KEY_UIApplicationSupportsIndirectInputEvents = YES;
				INFOPLIST_KEY_UILaunchScreen_Generation = YES;
				INFOPLIST_KEY_UISupportedInterfaceOrientations_iPad = "UIInterfaceOrientationPortrait UIInterfaceOrientationPortraitUpsideDown UIInterfaceOrientationLandscapeLeft UIInterfaceOrientationLandscapeRight";
				INFOPLIST_KEY_UISupportedInterfaceOrientations_iPhone = "UIInterfaceOrientationPortrait UIInterfaceOrientationLandscapeLeft UIInterfaceOrientationLandscapeRight";
				LD_RUNPATH_SEARCH_PATHS = (
					"$(inherited)",
					"@executable_path/Frameworks",
				);
				MARKETING_VERSION = 1.0;
				PRODUCT_BUNDLE_IDENTIFIER = org.tomw.cathnow;
				PRODUCT_NAME = "$(TARGET_NAME)";
				SWIFT_EMIT_LOC_STRINGS = YES;
				SWIFT_VERSION = 5.0;
				TARGETED_DEVICE_FAMILY = "1,2";
			};
			name = Release;
		};
		E269D1702E36B23F00AB4D58 /* Debug */ = {
			isa = XCBuildConfiguration;
			buildSettings = {
				ALWAYS_SEARCH_USER_PATHS = NO;
				ASSETCATALOG_COMPILER_GENERATE_SWIFT_ASSET_SYMBOL_EXTENSIONS = YES;
				CLANG_ANALYZER_NONNULL = YES;
				CLANG_ANALYZER_NUMBER_OBJECT_CONVERSION = YES_AGGRESSIVE;
				CLANG_CXX_LANGUAGE_STANDARD = "gnu++20";
				CLANG_ENABLE_MODULES = YES;
				CLANG_ENABLE_OBJC_ARC = YES;
				CLANG_ENABLE_OBJC_WEAK = YES;
				CLANG_WARN_BLOCK_CAPTURE_AUTORELEASING = YES;
				CLANG_WARN_BOOL_CONVERSION = YES;
				CLANG_WARN_COMMA = YES;
				CLANG_WARN_CONSTANT_CONVERSION = YES;
				CLANG_WARN_DEPRECATED_OBJC_IMPLEMENTATIONS = YES;
				CLANG_WARN_DIRECT_OBJC_ISA_USAGE = YES_ERROR;
				CLANG_WARN_DOCUMENTATION_COMMENTS = YES;
				CLANG_WARN_EMPTY_BODY = YES;
				CLANG_WARN_ENUM_CONVERSION = YES;
				CLANG_WARN_INFINITE_RECURSION = YES;
				CLANG_WARN_INT_CONVERSION = YES;
				CLANG_WARN_NON_LITERAL_NULL_CONVERSION = YES;
				CLANG_WARN_OBJC_IMPLICIT_RETAIN_SELF = YES;
				CLANG_WARN_OBJC_LITERAL_CONVERSION = YES;
				CLANG_WARN_OBJC_ROOT_CLASS = YES_ERROR;
				CLANG_WARN_QUOTED_INCLUDE_IN_FRAMEWORK_HEADER = YES;
				CLANG_WARN_RANGE_LOOP_ANALYSIS = YES;
				CLANG_WARN_STRICT_PROTOTYPES = YES;
				CLANG_WARN_SUSPICIOUS_MOVE = YES;
				CLANG_WARN_UNGUARDED_AVAILABILITY = YES_AGGRESSIVE;
				CLANG_WARN_UNREACHABLE_CODE = YES;
				CLANG_WARN__DUPLICATE_METHOD_MATCH = YES;
				COPY_PHASE_STRIP = NO;
				DEBUG_INFORMATION_FORMAT = dwarf;
				DEVELOPMENT_TEAM = BQZ63PCG8L;
				ENABLE_STRICT_OBJC_MSGSEND = YES;
				ENABLE_TESTABILITY = YES;
				ENABLE_USER_SCRIPT_SANDBOXING = YES;
				GCC_C_LANGUAGE_STANDARD = gnu17;
				GCC_DYNAMIC_NO_PIC = NO;
				GCC_NO_COMMON_BLOCKS = YES;
				GCC_OPTIMIZATION_LEVEL = 0;
				GCC_PREPROCESSOR_DEFINITIONS = (
					"DEBUG=1",
					"$(inherited)",
				);
				GCC_WARN_64_TO_32_BIT_CONVERSION = YES;
				GCC_WARN_ABOUT_RETURN_TYPE = YES_ERROR;
				GCC_WARN_UNDECLARED_SELECTOR = YES;
				GCC_WARN_UNINITIALIZED_AUTOS = YES_AGGRESSIVE;
				GCC_WARN_UNUSED_FUNCTION = YES;
				GCC_WARN_UNUSED_VARIABLE = YES;
				IPHONEOS_DEPLOYMENT_TARGET = 18.5;
				LOCALIZATION_PREFERS_STRING_CATALOGS = YES;
				MTL_ENABLE_DEBUG_INFO = INCLUDE_SOURCE;
				MTL_FAST_MATH = YES;
				ONLY_ACTIVE_ARCH = YES;
				SDKROOT = iphoneos;
				SWIFT_ACTIVE_COMPILATION_CONDITIONS = "DEBUG $(inherited)";
				SWIFT_OPTIMIZATION_LEVEL = "-Onone";
			};
			name = Debug;
		};
		E269D1712E36B23F00AB4D58 /* Release */ = {
			isa = XCBuildConfiguration;
			buildSettings = {
				ALWAYS_SEARCH_USER_PATHS = NO;
				ASSETCATALOG_COMPILER_GENERATE_SWIFT_ASSET_SYMBOL_EXTENSIONS = YES;
				CLANG_ANALYZER_NONNULL = YES;
				CLANG_ANALYZER_NUMBER_OBJECT_CONVERSION = YES_AGGRESSIVE;
				CLANG_CXX_LANGUAGE_STANDARD = "gnu++20";
				CLANG_ENABLE_MODULES = YES;
				CLANG_ENABLE_OBJC_ARC = YES;
				CLANG_ENABLE_OBJC_WEAK = YES;
				CLANG_WARN_BLOCK_CAPTURE_AUTORELEASING = YES;
				CLANG_WARN_BOOL_CONVERSION = YES;
				CLANG_WARN_COMMA = YES;
				CLANG_WARN_CONSTANT_CONVERSION = YES;
				CLANG_WARN_DEPRECATED_OBJC_IMPLEMENTATIONS = YES;
				CLANG_WARN_DIRECT_OBJC_ISA_USAGE = YES_ERROR;
				CLANG_WARN_DOCUMENTATION_COMMENTS = YES;
				CLANG_WARN_EMPTY_BODY = YES;
				CLANG_WARN_ENUM_CONVERSION = YES;
				CLANG_WARN_INFINITE_RECURSION = YES;
				CLANG_WARN_INT_CONVERSION = YES;
				CLANG_WARN_NON_LITERAL_NULL_CONVERSION = YES;
				CLANG_WARN_OBJC_IMPLICIT_RETAIN_SELF = YES;
				CLANG_WARN_OBJC_LITERAL_CONVERSION = YES;
				CLANG_WARN_OBJC_ROOT_CLASS = YES_ERROR;
				CLANG_WARN_QUOTED_INCLUDE_IN_FRAMEWORK_HEADER = YES;
				CLANG_WARN_RANGE_LOOP_ANALYSIS = YES;
				CLANG_WARN_STRICT_PROTOTYPES = YES;
				CLANG_WARN_SUSPICIOUS_MOVE = YES;
				CLANG_WARN_UNGUARDED_AVAILABILITY = YES_AGGRESSIVE;
				CLANG_WARN_UNREACHABLE_CODE = YES;
				CLANG_WARN__DUPLICATE_METHOD_MATCH = YES;
				COPY_PHASE_STRIP = NO;
				DEBUG_INFORMATION_FORMAT = "dwarf-with-dsym";
				DEVELOPMENT_TEAM = BQZ63PCG8L;
				ENABLE_NS_ASSERTIONS = NO;
				ENABLE_STRICT_OBJC_MSGSEND = YES;
				ENABLE_USER_SCRIPT_SANDBOXING = YES;
				GCC_C_LANGUAGE_STANDARD = gnu17;
				GCC_NO_COMMON_BLOCKS = YES;
				GCC_WARN_64_TO_32_BIT_CONVERSION = YES;
				GCC_WARN_ABOUT_RETURN_TYPE = YES_ERROR;
				GCC_WARN_UNDECLARED_SELECTOR = YES;
				GCC_WARN_UNINITIALIZED_AUTOS = YES_AGGRESSIVE;
				GCC_WARN_UNUSED_FUNCTION = YES;
				GCC_WARN_UNUSED_VARIABLE = YES;
				IPHONEOS_DEPLOYMENT_TARGET = 18.5;
				LOCALIZATION_PREFERS_STRING_CATALOGS = YES;
				MTL_ENABLE_DEBUG_INFO = NO;
				MTL_FAST_MATH = YES;
				SDKROOT = iphoneos;
				SWIFT_COMPILATION_MODE = wholemodule;
				VALIDATE_PRODUCT = YES;
			};
			name = Release;
		};
		E269D1732E36B23F00AB4D58 /* Debug */ = {
			isa = XCBuildConfiguration;
			buildSettings = {
				BUNDLE_LOADER = "$(TEST_HOST)";
				CODE_SIGN_STYLE = Automatic;
				CURRENT_PROJECT_VERSION = 1;
				DEVELOPMENT_TEAM = BQZ63PCG8L;
				GENERATE_INFOPLIST_FILE = YES;
				IPHONEOS_DEPLOYMENT_TARGET = 18.5;
				MARKETING_VERSION = 1.0;
				PRODUCT_BUNDLE_IDENTIFIER = org.tomw.cathnowTests;
				PRODUCT_NAME = "$(TARGET_NAME)";
				SWIFT_EMIT_LOC_STRINGS = NO;
				SWIFT_VERSION = 5.0;
				TARGETED_DEVICE_FAMILY = "1,2";
				TEST_HOST = "$(BUILT_PRODUCTS_DIR)/cathnow.app/$(BUNDLE_EXECUTABLE_FOLDER_PATH)/cathnow";
			};
			name = Debug;
		};
		E269D1742E36B23F00AB4D58 /* Release */ = {
			isa = XCBuildConfiguration;
			buildSettings = {
				BUNDLE_LOADER = "$(TEST_HOST)";
				CODE_SIGN_STYLE = Automatic;
				CURRENT_PROJECT_VERSION = 1;
				DEVELOPMENT_TEAM = BQZ63PCG8L;
				GENERATE_INFOPLIST_FILE = YES;
				IPHONEOS_DEPLOYMENT_TARGET = 18.5;
				MARKETING_VERSION = 1.0;
				PRODUCT_BUNDLE_IDENTIFIER = org.tomw.cathnowTests;
				PRODUCT_NAME = "$(TARGET_NAME)";
				SWIFT_EMIT_LOC_STRINGS = NO;
				SWIFT_VERSION = 5.0;
				TARGETED_DEVICE_FAMILY = "1,2";
				TEST_HOST = "$(BUILT_PRODUCTS_DIR)/cathnow.app/$(BUNDLE_EXECUTABLE_FOLDER_PATH)/cathnow";
			};
			name = Release;
		};
		E269D1762E36B23F00AB4D58 /* Debug */ = {
			isa = XCBuildConfiguration;
			buildSettings = {
				CODE_SIGN_STYLE = Automatic;
				CURRENT_PROJECT_VERSION = 1;
				DEVELOPMENT_TEAM = BQZ63PCG8L;
				GENERATE_INFOPLIST_FILE = YES;
				MARKETING_VERSION = 1.0;
				PRODUCT_BUNDLE_IDENTIFIER = org.tomw.cathnowUITests;
				PRODUCT_NAME = "$(TARGET_NAME)";
				SWIFT_EMIT_LOC_STRINGS = NO;
				SWIFT_VERSION = 5.0;
				TARGETED_DEVICE_FAMILY = "1,2";
				TEST_TARGET_NAME = cathnow;
			};
			name = Debug;
		};
		E269D1772E36B23F00AB4D58 /* Release */ = {
			isa = XCBuildConfiguration;
			buildSettings = {
				CODE_SIGN_STYLE = Automatic;
				CURRENT_PROJECT_VERSION = 1;
				DEVELOPMENT_TEAM = BQZ63PCG8L;
				GENERATE_INFOPLIST_FILE = YES;
				MARKETING_VERSION = 1.0;
				PRODUCT_BUNDLE_IDENTIFIER = org.tomw.cathnowUITests;
				PRODUCT_NAME = "$(TARGET_NAME)";
				SWIFT_EMIT_LOC_STRINGS = NO;
				SWIFT_VERSION = 5.0;
				TARGETED_DEVICE_FAMILY = "1,2";
				TEST_TARGET_NAME = cathnow;
			};
			name = Release;
		};
/* End XCBuildConfiguration section */

/* Begin XCConfigurationList section */
		E269D1412E36B23D00AB4D58 /* Build configuration list for PBXProject "cathnow" */ = {
			isa = XCConfigurationList;
			buildConfigurations = (
				E269D1702E36B23F00AB4D58 /* Debug */,
				E269D1712E36B23F00AB4D58 /* Release */,
			);
			defaultConfigurationIsVisible = 0;
			defaultConfigurationName = Release;
		};
		E269D16D2E36B23F00AB4D58 /* Build configuration list for PBXNativeTarget "cathnow" */ = {
			isa = XCConfigurationList;
			buildConfigurations = (
				E269D16E2E36B23F00AB4D58 /* Debug */,
				E269D16F2E36B23F00AB4D58 /* Release */,
			);
			defaultConfigurationIsVisible = 0;
			defaultConfigurationName = Release;
		};
		E269D1722E36B23F00AB4D58 /* Build configuration list for PBXNativeTarget "cathnowTests" */ = {
			isa = XCConfigurationList;
			buildConfigurations = (
				E269D1732E36B23F00AB4D58 /* Debug */,
				E269D1742E36B23F00AB4D58 /* Release */,
			);
			defaultConfigurationIsVisible = 0;
			defaultConfigurationName = Release;
		};
		E269D1752E36B23F00AB4D58 /* Build configuration list for PBXNativeTarget "cathnowUITests" */ = {
			isa = XCConfigurationList;
			buildConfigurations = (
				E269D1762E36B23F00AB4D58 /* Debug */,
				E269D1772E36B23F00AB4D58 /* Release */,
			);
			defaultConfigurationIsVisible = 0;
			defaultConfigurationName = Release;
		};
/* End XCConfigurationList section */
	};
	rootObject = E269D13E2E36B23D00AB4D58 /* Project object */;
}
