// !$*UTF8*$!
{
	archiveVersion = 1;
	classes = {
	};
	objectVersion = 77;
	objects = {

/* Begin PBXBuildFile section */
		E23E55612EA407C1000EB726 /* WidgetKit.framework in Frameworks */ = {isa = PBXBuildFile; fileRef = E23E55602EA407C1000EB726 /* WidgetKit.framework */; };
		E23E55632EA407C1000EB726 /* SwiftUI.framework in Frameworks */ = {isa = PBXBuildFile; fileRef = E23E55622EA407C1000EB726 /* SwiftUI.framework */; };
		E23E55742EA407C3000EB726 /* CathNowLiveActivityExtension.appex in Embed Foundation Extensions */ = {isa = PBXBuildFile; fileRef = E23E555E2EA407C1000EB726 /* CathNowLiveActivityExtension.appex */; settings = {ATTRIBUTES = (RemoveHeadersOnCopy, ); }; };
/* End PBXBuildFile section */

/* Begin PBXContainerItemProxy section */
		E23E55722EA407C3000EB726 /* PBXContainerItemProxy */ = {
			isa = PBXContainerItemProxy;
			containerPortal = E260B3482E36D1B7000184C3 /* Project object */;
			proxyType = 1;
			remoteGlobalIDString = E23E555D2EA407C1000EB726;
			remoteInfo = CathNowLiveActivityExtension;
		};
		E260B3632E36D1B8000184C3 /* PBXContainerItemProxy */ = {
			isa = PBXContainerItemProxy;
			containerPortal = E260B3482E36D1B7000184C3 /* Project object */;
			proxyType = 1;
			remoteGlobalIDString = E260B34F2E36D1B7000184C3;
			remoteInfo = cathnow;
		};
		E260B36D2E36D1B8000184C3 /* PBXContainerItemProxy */ = {
			isa = PBXContainerItemProxy;
			containerPortal = E260B3482E36D1B7000184C3 /* Project object */;
			proxyType = 1;
			remoteGlobalIDString = E260B34F2E36D1B7000184C3;
			remoteInfo = cathnow;
		};
/* End PBXContainerItemProxy section */

/* Begin PBXCopyFilesBuildPhase section */
		E23E55792EA407C3000EB726 /* Embed Foundation Extensions */ = {
			isa = PBXCopyFilesBuildPhase;
			buildActionMask = 2147483647;
			dstPath = "";
			dstSubfolderSpec = 13;
			files = (
				E23E55742EA407C3000EB726 /* CathNowLiveActivityExtension.appex in Embed Foundation Extensions */,
			);
			name = "Embed Foundation Extensions";
			runOnlyForDeploymentPostprocessing = 0;
		};
/* End PBXCopyFilesBuildPhase section */

/* Begin PBXFileReference section */
		E23E555E2EA407C1000EB726 /* CathNowLiveActivityExtension.appex */ = {isa = PBXFileReference; explicitFileType = "wrapper.app-extension"; includeInIndex = 0; path = CathNowLiveActivityExtension.appex; sourceTree = BUILT_PRODUCTS_DIR; };
		E23E55602EA407C1000EB726 /* WidgetKit.framework */ = {isa = PBXFileReference; lastKnownFileType = wrapper.framework; name = WidgetKit.framework; path = System/Library/Frameworks/WidgetKit.framework; sourceTree = SDKROOT; };
		E23E55622EA407C1000EB726 /* SwiftUI.framework */ = {isa = PBXFileReference; lastKnownFileType = wrapper.framework; name = SwiftUI.framework; path = System/Library/Frameworks/SwiftUI.framework; sourceTree = SDKROOT; };
		E260B3502E36D1B7000184C3 /* cathrmdr.app */ = {isa = PBXFileReference; explicitFileType = wrapper.application; includeInIndex = 0; path = cathrmdr.app; sourceTree = BUILT_PRODUCTS_DIR; };
		E260B3622E36D1B8000184C3 /* cathrmdrTests.xctest */ = {isa = PBXFileReference; explicitFileType = wrapper.cfbundle; includeInIndex = 0; path = cathrmdrTests.xctest; sourceTree = BUILT_PRODUCTS_DIR; };
		E260B36C2E36D1B8000184C3 /* cathrmdrUITests.xctest */ = {isa = PBXFileReference; explicitFileType = wrapper.cfbundle; includeInIndex = 0; path = cathrmdrUITests.xctest; sourceTree = BUILT_PRODUCTS_DIR; };
/* End PBXFileReference section */

/* Begin PBXFileSystemSynchronizedBuildFileExceptionSet section */
		E23E55902EA40A18000EB726 /* Exceptions for "cathrmdr" folder in "CathNowLiveActivityExtension" target */ = {
			isa = PBXFileSystemSynchronizedBuildFileExceptionSet;
			membershipExceptions = (
				CathNowActivityAttributes.swift,
			);
			target = E23E555D2EA407C1000EB726 /* CathNowLiveActivityExtension */;
		};
		E2F5D98E2EA4162C00B6430E /* Exceptions for "cathrmdr" folder in "cathrmdr" target */ = {
			isa = PBXFileSystemSynchronizedBuildFileExceptionSet;
			membershipExceptions = (
				Info.plist,
			);
			target = E260B34F2E36D1B7000184C3 /* cathrmdr */;
		};
		E2F5D9912EA41AF200B6430E /* Exceptions for "CathNowLiveActivity" folder in "CathNowLiveActivityExtension" target */ = {
			isa = PBXFileSystemSynchronizedBuildFileExceptionSet;
			membershipExceptions = (
				Info.plist,
			);
			target = E23E555D2EA407C1000EB726 /* CathNowLiveActivityExtension */;
		};
/* End PBXFileSystemSynchronizedBuildFileExceptionSet section */

/* Begin PBXFileSystemSynchronizedRootGroup section */
		E23E55642EA407C1000EB726 /* CathNowLiveActivity */ = {
			isa = PBXFileSystemSynchronizedRootGroup;
			exceptions = (
				E2F5D9912EA41AF200B6430E /* Exceptions for "CathNowLiveActivity" folder in "CathNowLiveActivityExtension" target */,
			);
			path = CathNowLiveActivity;
			sourceTree = "<group>";
		};
		E260B3522E36D1B7000184C3 /* cathrmdr */ = {
			isa = PBXFileSystemSynchronizedRootGroup;
			exceptions = (
				E2F5D98E2EA4162C00B6430E /* Exceptions for "cathrmdr" folder in "cathrmdr" target */,
				E23E55902EA40A18000EB726 /* Exceptions for "cathrmdr" folder in "CathNowLiveActivityExtension" target */,
			);
			path = cathrmdr;
			sourceTree = "<group>";
		};
		E260B3652E36D1B8000184C3 /* cathnowTests */ = {
			isa = PBXFileSystemSynchronizedRootGroup;
			path = cathnowTests;
			sourceTree = "<group>";
		};
		E260B36F2E36D1B8000184C3 /* cathnowUITests */ = {
			isa = PBXFileSystemSynchronizedRootGroup;
			path = cathnowUITests;
			sourceTree = "<group>";
		};
/* End PBXFileSystemSynchronizedRootGroup section */

/* Begin PBXFrameworksBuildPhase section */
		E23E555B2EA407C1000EB726 /* Frameworks */ = {
			isa = PBXFrameworksBuildPhase;
			buildActionMask = 2147483647;
			files = (
				E23E55632EA407C1000EB726 /* SwiftUI.framework in Frameworks */,
				E23E55612EA407C1000EB726 /* WidgetKit.framework in Frameworks */,
			);
			runOnlyForDeploymentPostprocessing = 0;
		};
		E260B34D2E36D1B7000184C3 /* Frameworks */ = {
			isa = PBXFrameworksBuildPhase;
			buildActionMask = 2147483647;
			files = (
			);
			runOnlyForDeploymentPostprocessing = 0;
		};
		E260B35F2E36D1B8000184C3 /* Frameworks */ = {
			isa = PBXFrameworksBuildPhase;
			buildActionMask = 2147483647;
			files = (
			);
			runOnlyForDeploymentPostprocessing = 0;
		};
		E260B3692E36D1B8000184C3 /* Frameworks */ = {
			isa = PBXFrameworksBuildPhase;
			buildActionMask = 2147483647;
			files = (
			);
			runOnlyForDeploymentPostprocessing = 0;
		};
/* End PBXFrameworksBuildPhase section */

/* Begin PBXGroup section */
		E23E555F2EA407C1000EB726 /* Frameworks */ = {
			isa = PBXGroup;
			children = (
				E23E55602EA407C1000EB726 /* WidgetKit.framework */,
				E23E55622EA407C1000EB726 /* SwiftUI.framework */,
			);
			name = Frameworks;
			sourceTree = "<group>";
		};
		E260B3472E36D1B7000184C3 = {
			isa = PBXGroup;
			children = (
				E260B3522E36D1B7000184C3 /* cathrmdr */,
				E260B3652E36D1B8000184C3 /* cathnowTests */,
				E260B36F2E36D1B8000184C3 /* cathnowUITests */,
				E23E55642EA407C1000EB726 /* CathNowLiveActivity */,
				E23E555F2EA407C1000EB726 /* Frameworks */,
				E260B3512E36D1B7000184C3 /* Products */,
			);
			sourceTree = "<group>";
		};
		E260B3512E36D1B7000184C3 /* Products */ = {
			isa = PBXGroup;
			children = (
				E260B3502E36D1B7000184C3 /* cathrmdr.app */,
				E260B3622E36D1B8000184C3 /* cathrmdrTests.xctest */,
				E260B36C2E36D1B8000184C3 /* cathrmdrUITests.xctest */,
				E23E555E2EA407C1000EB726 /* CathNowLiveActivityExtension.appex */,
			);
			name = Products;
			sourceTree = "<group>";
		};
/* End PBXGroup section */

/* Begin PBXNativeTarget section */
		E23E555D2EA407C1000EB726 /* CathNowLiveActivityExtension */ = {
			isa = PBXNativeTarget;
			buildConfigurationList = E23E55762EA407C3000EB726 /* Build configuration list for PBXNativeTarget "CathNowLiveActivityExtension" */;
			buildPhases = (
				E23E555A2EA407C1000EB726 /* Sources */,
				E23E555B2EA407C1000EB726 /* Frameworks */,
				E23E555C2EA407C1000EB726 /* Resources */,
			);
			buildRules = (
			);
			dependencies = (
			);
			fileSystemSynchronizedGroups = (
				E23E55642EA407C1000EB726 /* CathNowLiveActivity */,
			);
			name = CathNowLiveActivityExtension;
			packageProductDependencies = (
			);
			productName = CathNowLiveActivityExtension;
			productReference = E23E555E2EA407C1000EB726 /* CathNowLiveActivityExtension.appex */;
			productType = "com.apple.product-type.app-extension";
		};
		E260B34F2E36D1B7000184C3 /* cathrmdr */ = {
			isa = PBXNativeTarget;
			buildConfigurationList = E260B3762E36D1B8000184C3 /* Build configuration list for PBXNativeTarget "cathrmdr" */;
			buildPhases = (
				E260B34C2E36D1B7000184C3 /* Sources */,
				E260B34D2E36D1B7000184C3 /* Frameworks */,
				E260B34E2E36D1B7000184C3 /* Resources */,
				E23E55792EA407C3000EB726 /* Embed Foundation Extensions */,
			);
			buildRules = (
			);
			dependencies = (
				E23E55732EA407C3000EB726 /* PBXTargetDependency */,
			);
			fileSystemSynchronizedGroups = (
				E260B3522E36D1B7000184C3 /* cathrmdr */,
			);
			name = cathrmdr;
			packageProductDependencies = (
			);
			productName = cathnow;
			productReference = E260B3502E36D1B7000184C3 /* cathrmdr.app */;
			productType = "com.apple.product-type.application";
		};
		E260B3612E36D1B8000184C3 /* cathrmdrTests */ = {
			isa = PBXNativeTarget;
			buildConfigurationList = E260B3792E36D1B8000184C3 /* Build configuration list for PBXNativeTarget "cathrmdrTests" */;
			buildPhases = (
				E260B35E2E36D1B8000184C3 /* Sources */,
				E260B35F2E36D1B8000184C3 /* Frameworks */,
				E260B3602E36D1B8000184C3 /* Resources */,
			);
			buildRules = (
			);
			dependencies = (
				E260B3642E36D1B8000184C3 /* PBXTargetDependency */,
			);
			fileSystemSynchronizedGroups = (
				E260B3652E36D1B8000184C3 /* cathnowTests */,
			);
			name = cathrmdrTests;
			packageProductDependencies = (
			);
			productName = cathnowTests;
			productReference = E260B3622E36D1B8000184C3 /* cathrmdrTests.xctest */;
			productType = "com.apple.product-type.bundle.unit-test";
		};
		E260B36B2E36D1B8000184C3 /* cathrmdrUITests */ = {
			isa = PBXNativeTarget;
			buildConfigurationList = E260B37C2E36D1B8000184C3 /* Build configuration list for PBXNativeTarget "cathrmdrUITests" */;
			buildPhases = (
				E260B3682E36D1B8000184C3 /* Sources */,
				E260B3692E36D1B8000184C3 /* Frameworks */,
				E260B36A2E36D1B8000184C3 /* Resources */,
			);
			buildRules = (
			);
			dependencies = (
				E260B36E2E36D1B8000184C3 /* PBXTargetDependency */,
			);
			fileSystemSynchronizedGroups = (
				E260B36F2E36D1B8000184C3 /* cathnowUITests */,
			);
			name = cathrmdrUITests;
			packageProductDependencies = (
			);
			productName = cathnowUITests;
			productReference = E260B36C2E36D1B8000184C3 /* cathrmdrUITests.xctest */;
			productType = "com.apple.product-type.bundle.ui-testing";
		};
/* End PBXNativeTarget section */

/* Begin PBXProject section */
		E260B3482E36D1B7000184C3 /* Project object */ = {
			isa = PBXProject;
			attributes = {
				BuildIndependentTargetsInParallel = 1;
				LastSwiftUpdateCheck = 1640;
				LastUpgradeCheck = 1640;
				TargetAttributes = {
					E23E555D2EA407C1000EB726 = {
						CreatedOnToolsVersion = 16.4;
					};
					E260B34F2E36D1B7000184C3 = {
						CreatedOnToolsVersion = 16.4;
					};
					E260B3612E36D1B8000184C3 = {
						CreatedOnToolsVersion = 16.4;
						TestTargetID = E260B34F2E36D1B7000184C3;
					};
					E260B36B2E36D1B8000184C3 = {
						CreatedOnToolsVersion = 16.4;
						TestTargetID = E260B34F2E36D1B7000184C3;
					};
				};
			};
			buildConfigurationList = E260B34B2E36D1B7000184C3 /* Build configuration list for PBXProject "cathrmdr" */;
			developmentRegion = en;
			hasScannedForEncodings = 0;
			knownRegions = (
				en,
				Base,
			);
			mainGroup = E260B3472E36D1B7000184C3;
			minimizedProjectReferenceProxies = 1;
			preferredProjectObjectVersion = 77;
			productRefGroup = E260B3512E36D1B7000184C3 /* Products */;
			projectDirPath = "";
			projectRoot = "";
			targets = (
				E260B34F2E36D1B7000184C3 /* cathrmdr */,
				E260B3612E36D1B8000184C3 /* cathrmdrTests */,
				E260B36B2E36D1B8000184C3 /* cathrmdrUITests */,
				E23E555D2EA407C1000EB726 /* CathNowLiveActivityExtension */,
			);
		};
/* End PBXProject section */

/* Begin PBXResourcesBuildPhase section */
		E23E555C2EA407C1000EB726 /* Resources */ = {
			isa = PBXResourcesBuildPhase;
			buildActionMask = 2147483647;
			files = (
			);
			runOnlyForDeploymentPostprocessing = 0;
		};
		E260B34E2E36D1B7000184C3 /* Resources */ = {
			isa = PBXResourcesBuildPhase;
			buildActionMask = 2147483647;
			files = (
			);
			runOnlyForDeploymentPostprocessing = 0;
		};
		E260B3602E36D1B8000184C3 /* Resources */ = {
			isa = PBXResourcesBuildPhase;
			buildActionMask = 2147483647;
			files = (
			);
			runOnlyForDeploymentPostprocessing = 0;
		};
		E260B36A2E36D1B8000184C3 /* Resources */ = {
			isa = PBXResourcesBuildPhase;
			buildActionMask = 2147483647;
			files = (
			);
			runOnlyForDeploymentPostprocessing = 0;
		};
/* End PBXResourcesBuildPhase section */

/* Begin PBXSourcesBuildPhase section */
		E23E555A2EA407C1000EB726 /* Sources */ = {
			isa = PBXSourcesBuildPhase;
			buildActionMask = 2147483647;
			files = (
			);
			runOnlyForDeploymentPostprocessing = 0;
		};
		E260B34C2E36D1B7000184C3 /* Sources */ = {
			isa = PBXSourcesBuildPhase;
			buildActionMask = 2147483647;
			files = (
			);
			runOnlyForDeploymentPostprocessing = 0;
		};
		E260B35E2E36D1B8000184C3 /* Sources */ = {
			isa = PBXSourcesBuildPhase;
			buildActionMask = 2147483647;
			files = (
			);
			runOnlyForDeploymentPostprocessing = 0;
		};
		E260B3682E36D1B8000184C3 /* Sources */ = {
			isa = PBXSourcesBuildPhase;
			buildActionMask = 2147483647;
			files = (
			);
			runOnlyForDeploymentPostprocessing = 0;
		};
/* End PBXSourcesBuildPhase section */

/* Begin PBXTargetDependency section */
		E23E55732EA407C3000EB726 /* PBXTargetDependency */ = {
			isa = PBXTargetDependency;
			target = E23E555D2EA407C1000EB726 /* CathNowLiveActivityExtension */;
			targetProxy = E23E55722EA407C3000EB726 /* PBXContainerItemProxy */;
		};
		E260B3642E36D1B8000184C3 /* PBXTargetDependency */ = {
			isa = PBXTargetDependency;
			target = E260B34F2E36D1B7000184C3 /* cathrmdr */;
			targetProxy = E260B3632E36D1B8000184C3 /* PBXContainerItemProxy */;
		};
		E260B36E2E36D1B8000184C3 /* PBXTargetDependency */ = {
			isa = PBXTargetDependency;
			target = E260B34F2E36D1B7000184C3 /* cathrmdr */;
			targetProxy = E260B36D2E36D1B8000184C3 /* PBXContainerItemProxy */;
		};
/* End PBXTargetDependency section */

/* Begin XCBuildConfiguration section */
		E23E55772EA407C3000EB726 /* Debug */ = {
			isa = XCBuildConfiguration;
			buildSettings = {
				ASSETCATALOG_COMPILER_GLOBAL_ACCENT_COLOR_NAME = AccentColor;
				ASSETCATALOG_COMPILER_WIDGET_BACKGROUND_COLOR_NAME = WidgetBackground;
				CODE_SIGN_STYLE = Automatic;
				CURRENT_PROJECT_VERSION = 1;
				DEVELOPMENT_TEAM = BQZ63PCG8L;
				GENERATE_INFOPLIST_FILE = YES;
				INFOPLIST_FILE = CathNowLiveActivity/Info.plist;
				INFOPLIST_KEY_CFBundleDisplayName = CathRmdrLiveActivity;
				INFOPLIST_KEY_NSHumanReadableCopyright = "";
				IPHONEOS_DEPLOYMENT_TARGET = 16.6;
				LD_RUNPATH_SEARCH_PATHS = (
					"$(inherited)",
					"@executable_path/Frameworks",
					"@executable_path/../../Frameworks",
				);
				MARKETING_VERSION = 1.4;
				PRODUCT_BUNDLE_IDENTIFIER = net.tomw.cathnow.CathNowLiveActivity;
				PRODUCT_NAME = "$(TARGET_NAME)";
				SKIP_INSTALL = YES;
				SWIFT_EMIT_LOC_STRINGS = YES;
				SWIFT_VERSION = 5.0;
				TARGETED_DEVICE_FAMILY = "1,2";
			};
			name = Debug;
		};
		E23E55782EA407C3000EB726 /* Release */ = {
			isa = XCBuildConfiguration;
			buildSettings = {
				ASSETCATALOG_COMPILER_GLOBAL_ACCENT_COLOR_NAME = AccentColor;
				ASSETCATALOG_COMPILER_WIDGET_BACKGROUND_COLOR_NAME = WidgetBackground;
				CODE_SIGN_STYLE = Automatic;
				CURRENT_PROJECT_VERSION = 1;
				DEVELOPMENT_TEAM = BQZ63PCG8L;
				GENERATE_INFOPLIST_FILE = YES;
				INFOPLIST_FILE = CathNowLiveActivity/Info.plist;
				INFOPLIST_KEY_CFBundleDisplayName = CathRmdrLiveActivity;
				INFOPLIST_KEY_NSHumanReadableCopyright = "";
				IPHONEOS_DEPLOYMENT_TARGET = 16.6;
				LD_RUNPATH_SEARCH_PATHS = (
					"$(inherited)",
					"@executable_path/Frameworks",
					"@executable_path/../../Frameworks",
				);
				MARKETING_VERSION = 1.4;
				PRODUCT_BUNDLE_IDENTIFIER = net.tomw.cathnow.CathNowLiveActivity;
				PRODUCT_NAME = "$(TARGET_NAME)";
				SKIP_INSTALL = YES;
				SWIFT_EMIT_LOC_STRINGS = YES;
				SWIFT_VERSION = 5.0;
				TARGETED_DEVICE_FAMILY = "1,2";
			};
			name = Release;
		};
		E260B3742E36D1B8000184C3 /* Debug */ = {
			isa = XCBuildConfiguration;
			buildSettings = {
				ALWAYS_SEARCH_USER_PATHS = NO;
				ASSETCATALOG_COMPILER_GENERATE_SWIFT_ASSET_SYMBOL_EXTENSIONS = YES;
				CLANG_ANALYZER_NONNULL = YES;
				CLANG_ANALYZER_NUMBER_OBJECT_CONVERSION = YES_AGGRESSIVE;
				CLANG_CXX_LANGUAGE_STANDARD = "gnu++20";
				CLANG_ENABLE_MODULES = YES;
				CLANG_ENABLE_OBJC_ARC = YES;
				CLANG_ENABLE_OBJC_WEAK = YES;
				CLANG_WARN_BLOCK_CAPTURE_AUTORELEASING = YES;
				CLANG_WARN_BOOL_CONVERSION = YES;
				CLANG_WARN_COMMA = YES;
				CLANG_WARN_CONSTANT_CONVERSION = YES;
				CLANG_WARN_DEPRECATED_OBJC_IMPLEMENTATIONS = YES;
				CLANG_WARN_DIRECT_OBJC_ISA_USAGE = YES_ERROR;
				CLANG_WARN_DOCUMENTATION_COMMENTS = YES;
				CLANG_WARN_EMPTY_BODY = YES;
				CLANG_WARN_ENUM_CONVERSION = YES;
				CLANG_WARN_INFINITE_RECURSION = YES;
				CLANG_WARN_INT_CONVERSION = YES;
				CLANG_WARN_NON_LITERAL_NULL_CONVERSION = YES;
				CLANG_WARN_OBJC_IMPLICIT_RETAIN_SELF = YES;
				CLANG_WARN_OBJC_LITERAL_CONVERSION = YES;
				CLANG_WARN_OBJC_ROOT_CLASS = YES_ERROR;
				CLANG_WARN_QUOTED_INCLUDE_IN_FRAMEWORK_HEADER = YES;
				CLANG_WARN_RANGE_LOOP_ANALYSIS = YES;
				CLANG_WARN_STRICT_PROTOTYPES = YES;
				CLANG_WARN_SUSPICIOUS_MOVE = YES;
				CLANG_WARN_UNGUARDED_AVAILABILITY = YES_AGGRESSIVE;
				CLANG_WARN_UNREACHABLE_CODE = YES;
				CLANG_WARN__DUPLICATE_METHOD_MATCH = YES;
				COPY_PHASE_STRIP = NO;
				DEBUG_INFORMATION_FORMAT = dwarf;
				DEVELOPMENT_TEAM = BQZ63PCG8L;
				ENABLE_STRICT_OBJC_MSGSEND = YES;
				ENABLE_TESTABILITY = YES;
				ENABLE_USER_SCRIPT_SANDBOXING = YES;
				GCC_C_LANGUAGE_STANDARD = gnu17;
				GCC_DYNAMIC_NO_PIC = NO;
				GCC_NO_COMMON_BLOCKS = YES;
				GCC_OPTIMIZATION_LEVEL = 0;
				GCC_PREPROCESSOR_DEFINITIONS = (
					"DEBUG=1",
					"$(inherited)",
				);
				GCC_WARN_64_TO_32_BIT_CONVERSION = YES;
				GCC_WARN_ABOUT_RETURN_TYPE = YES_ERROR;
				GCC_WARN_UNDECLARED_SELECTOR = YES;
				GCC_WARN_UNINITIALIZED_AUTOS = YES_AGGRESSIVE;
				GCC_WARN_UNUSED_FUNCTION = YES;
				GCC_WARN_UNUSED_VARIABLE = YES;
				IPHONEOS_DEPLOYMENT_TARGET = 18.5;
				LOCALIZATION_PREFERS_STRING_CATALOGS = YES;
				MTL_ENABLE_DEBUG_INFO = INCLUDE_SOURCE;
				MTL_FAST_MATH = YES;
				ONLY_ACTIVE_ARCH = YES;
				SDKROOT = iphoneos;
				SWIFT_ACTIVE_COMPILATION_CONDITIONS = "DEBUG $(inherited)";
				SWIFT_OPTIMIZATION_LEVEL = "-Onone";
			};
			name = Debug;
		};
		E260B3752E36D1B8000184C3 /* Release */ = {
			isa = XCBuildConfiguration;
			buildSettings = {
				ALWAYS_SEARCH_USER_PATHS = NO;
				ASSETCATALOG_COMPILER_GENERATE_SWIFT_ASSET_SYMBOL_EXTENSIONS = YES;
				CLANG_ANALYZER_NONNULL = YES;
				CLANG_ANALYZER_NUMBER_OBJECT_CONVERSION = YES_AGGRESSIVE;
				CLANG_CXX_LANGUAGE_STANDARD = "gnu++20";
				CLANG_ENABLE_MODULES = YES;
				CLANG_ENABLE_OBJC_ARC = YES;
				CLANG_ENABLE_OBJC_WEAK = YES;
				CLANG_WARN_BLOCK_CAPTURE_AUTORELEASING = YES;
				CLANG_WARN_BOOL_CONVERSION = YES;
				CLANG_WARN_COMMA = YES;
				CLANG_WARN_CONSTANT_CONVERSION = YES;
				CLANG_WARN_DEPRECATED_OBJC_IMPLEMENTATIONS = YES;
				CLANG_WARN_DIRECT_OBJC_ISA_USAGE = YES_ERROR;
				CLANG_WARN_DOCUMENTATION_COMMENTS = YES;
				CLANG_WARN_EMPTY_BODY = YES;
				CLANG_WARN_ENUM_CONVERSION = YES;
				CLANG_WARN_INFINITE_RECURSION = YES;
				CLANG_WARN_INT_CONVERSION = YES;
				CLANG_WARN_NON_LITERAL_NULL_CONVERSION = YES;
				CLANG_WARN_OBJC_IMPLICIT_RETAIN_SELF = YES;
				CLANG_WARN_OBJC_LITERAL_CONVERSION = YES;
				CLANG_WARN_OBJC_ROOT_CLASS = YES_ERROR;
				CLANG_WARN_QUOTED_INCLUDE_IN_FRAMEWORK_HEADER = YES;
				CLANG_WARN_RANGE_LOOP_ANALYSIS = YES;
				CLANG_WARN_STRICT_PROTOTYPES = YES;
				CLANG_WARN_SUSPICIOUS_MOVE = YES;
				CLANG_WARN_UNGUARDED_AVAILABILITY = YES_AGGRESSIVE;
				CLANG_WARN_UNREACHABLE_CODE = YES;
				CLANG_WARN__DUPLICATE_METHOD_MATCH = YES;
				COPY_PHASE_STRIP = NO;
				DEBUG_INFORMATION_FORMAT = "dwarf-with-dsym";
				DEVELOPMENT_TEAM = BQZ63PCG8L;
				ENABLE_NS_ASSERTIONS = NO;
				ENABLE_STRICT_OBJC_MSGSEND = YES;
				ENABLE_USER_SCRIPT_SANDBOXING = YES;
				GCC_C_LANGUAGE_STANDARD = gnu17;
				GCC_NO_COMMON_BLOCKS = YES;
				GCC_WARN_64_TO_32_BIT_CONVERSION = YES;
				GCC_WARN_ABOUT_RETURN_TYPE = YES_ERROR;
				GCC_WARN_UNDECLARED_SELECTOR = YES;
				GCC_WARN_UNINITIALIZED_AUTOS = YES_AGGRESSIVE;
				GCC_WARN_UNUSED_FUNCTION = YES;
				GCC_WARN_UNUSED_VARIABLE = YES;
				IPHONEOS_DEPLOYMENT_TARGET = 18.5;
				LOCALIZATION_PREFERS_STRING_CATALOGS = YES;
				MTL_ENABLE_DEBUG_INFO = NO;
				MTL_FAST_MATH = YES;
				SDKROOT = iphoneos;
				SWIFT_COMPILATION_MODE = wholemodule;
				VALIDATE_PRODUCT = YES;
			};
			name = Release;
		};
		E260B3772E36D1B8000184C3 /* Debug */ = {
			isa = XCBuildConfiguration;
			buildSettings = {
				ASSETCATALOG_COMPILER_APPICON_NAME = AppIcon;
				ASSETCATALOG_COMPILER_GLOBAL_ACCENT_COLOR_NAME = AccentColor;
				CODE_SIGN_STYLE = Automatic;
				CURRENT_PROJECT_VERSION = 1;
				DEVELOPMENT_TEAM = BQZ63PCG8L;
				ENABLE_PREVIEWS = YES;
				GENERATE_INFOPLIST_FILE = YES;
				INFOPLIST_FILE = cathrmdr/Info.plist;
				INFOPLIST_KEY_CFBundleDisplayName = "Cath Rmdr";
				INFOPLIST_KEY_ITSAppUsesNonExemptEncryption = NO;
				INFOPLIST_KEY_LSApplicationCategoryType = "public.app-category.productivity";
				INFOPLIST_KEY_NSSupportsLiveActivities = YES;
				INFOPLIST_KEY_UIApplicationSceneManifest_Generation = YES;
				INFOPLIST_KEY_UIApplicationSupportsIndirectInputEvents = YES;
				INFOPLIST_KEY_UILaunchScreen_Generation = YES;
				INFOPLIST_KEY_UISupportedInterfaceOrientations_iPad = "UIInterfaceOrientationPortrait UIInterfaceOrientationPortraitUpsideDown UIInterfaceOrientationLandscapeLeft UIInterfaceOrientationLandscapeRight";
				INFOPLIST_KEY_UISupportedInterfaceOrientations_iPhone = "UIInterfaceOrientationPortrait UIInterfaceOrientationLandscapeLeft UIInterfaceOrientationLandscapeRight";
				IPHONEOS_DEPLOYMENT_TARGET = 16.6;
				LD_RUNPATH_SEARCH_PATHS = (
					"$(inherited)",
					"@executable_path/Frameworks",
				);
				MARKETING_VERSION = 1.4;
				PRODUCT_BUNDLE_IDENTIFIER = net.tomw.cathnow;
				PRODUCT_NAME = "$(TARGET_NAME)";
				SWIFT_EMIT_LOC_STRINGS = YES;
				SWIFT_VERSION = 5.0;
				TARGETED_DEVICE_FAMILY = "1,2";
			};
			name = Debug;
		};
		E260B3782E36D1B8000184C3 /* Release */ = {
			isa = XCBuildConfiguration;
			buildSettings = {
				ASSETCATALOG_COMPILER_APPICON_NAME = AppIcon;
				ASSETCATALOG_COMPILER_GLOBAL_ACCENT_COLOR_NAME = AccentColor;
				CODE_SIGN_STYLE = Automatic;
				CURRENT_PROJECT_VERSION = 1;
				DEVELOPMENT_TEAM = BQZ63PCG8L;
				ENABLE_PREVIEWS = YES;
				GENERATE_INFOPLIST_FILE = YES;
				INFOPLIST_FILE = cathrmdr/Info.plist;
				INFOPLIST_KEY_CFBundleDisplayName = "Cath Rmdr";
				INFOPLIST_KEY_ITSAppUsesNonExemptEncryption = NO;
				INFOPLIST_KEY_LSApplicationCategoryType = "public.app-category.productivity";
				INFOPLIST_KEY_NSSupportsLiveActivities = YES;
				INFOPLIST_KEY_UIApplicationSceneManifest_Generation = YES;
				INFOPLIST_KEY_UIApplicationSupportsIndirectInputEvents = YES;
				INFOPLIST_KEY_UILaunchScreen_Generation = YES;
				INFOPLIST_KEY_UISupportedInterfaceOrientations_iPad = "UIInterfaceOrientationPortrait UIInterfaceOrientationPortraitUpsideDown UIInterfaceOrientationLandscapeLeft UIInterfaceOrientationLandscapeRight";
				INFOPLIST_KEY_UISupportedInterfaceOrientations_iPhone = "UIInterfaceOrientationPortrait UIInterfaceOrientationLandscapeLeft UIInterfaceOrientationLandscapeRight";
				IPHONEOS_DEPLOYMENT_TARGET = 16.6;
				LD_RUNPATH_SEARCH_PATHS = (
					"$(inherited)",
					"@executable_path/Frameworks",
				);
				MARKETING_VERSION = 1.4;
				PRODUCT_BUNDLE_IDENTIFIER = net.tomw.cathnow;
				PRODUCT_NAME = "$(TARGET_NAME)";
				SWIFT_EMIT_LOC_STRINGS = YES;
				SWIFT_VERSION = 5.0;
				TARGETED_DEVICE_FAMILY = "1,2";
			};
			name = Release;
		};
		E260B37A2E36D1B8000184C3 /* Debug */ = {
			isa = XCBuildConfiguration;
			buildSettings = {
				BUNDLE_LOADER = "$(TEST_HOST)";
				CODE_SIGN_STYLE = Automatic;
				CURRENT_PROJECT_VERSION = 1;
				DEVELOPMENT_TEAM = BQZ63PCG8L;
				GENERATE_INFOPLIST_FILE = YES;
				IPHONEOS_DEPLOYMENT_TARGET = 18.5;
				MARKETING_VERSION = 1.0;
				PRODUCT_BUNDLE_IDENTIFIER = org.tomw.cathnowTests;
				PRODUCT_NAME = "$(TARGET_NAME)";
				SWIFT_EMIT_LOC_STRINGS = NO;
				SWIFT_VERSION = 5.0;
				TARGETED_DEVICE_FAMILY = "1,2";
				TEST_HOST = "$(BUILT_PRODUCTS_DIR)/cathrmdr.app/$(BUNDLE_EXECUTABLE_FOLDER_PATH)/cathrmdr";
			};
			name = Debug;
		};
		E260B37B2E36D1B8000184C3 /* Release */ = {
			isa = XCBuildConfiguration;
			buildSettings = {
				BUNDLE_LOADER = "$(TEST_HOST)";
				CODE_SIGN_STYLE = Automatic;
				CURRENT_PROJECT_VERSION = 1;
				DEVELOPMENT_TEAM = BQZ63PCG8L;
				GENERATE_INFOPLIST_FILE = YES;
				IPHONEOS_DEPLOYMENT_TARGET = 18.5;
				MARKETING_VERSION = 1.0;
				PRODUCT_BUNDLE_IDENTIFIER = org.tomw.cathnowTests;
				PRODUCT_NAME = "$(TARGET_NAME)";
				SWIFT_EMIT_LOC_STRINGS = NO;
				SWIFT_VERSION = 5.0;
				TARGETED_DEVICE_FAMILY = "1,2";
				TEST_HOST = "$(BUILT_PRODUCTS_DIR)/cathrmdr.app/$(BUNDLE_EXECUTABLE_FOLDER_PATH)/cathrmdr";
			};
			name = Release;
		};
		E260B37D2E36D1B8000184C3 /* Debug */ = {
			isa = XCBuildConfiguration;
			buildSettings = {
				CODE_SIGN_STYLE = Automatic;
				CURRENT_PROJECT_VERSION = 1;
				DEVELOPMENT_TEAM = BQZ63PCG8L;
				GENERATE_INFOPLIST_FILE = YES;
				MARKETING_VERSION = 1.0;
				PRODUCT_BUNDLE_IDENTIFIER = org.tomw.cathnowUITests;
				PRODUCT_NAME = "$(TARGET_NAME)";
				SWIFT_EMIT_LOC_STRINGS = NO;
				SWIFT_VERSION = 5.0;
				TARGETED_DEVICE_FAMILY = "1,2";
				TEST_TARGET_NAME = cathnow;
			};
			name = Debug;
		};
		E260B37E2E36D1B8000184C3 /* Release */ = {
			isa = XCBuildConfiguration;
			buildSettings = {
				CODE_SIGN_STYLE = Automatic;
				CURRENT_PROJECT_VERSION = 1;
				DEVELOPMENT_TEAM = BQZ63PCG8L;
				GENERATE_INFOPLIST_FILE = YES;
				MARKETING_VERSION = 1.0;
				PRODUCT_BUNDLE_IDENTIFIER = org.tomw.cathnowUITests;
				PRODUCT_NAME = "$(TARGET_NAME)";
				SWIFT_EMIT_LOC_STRINGS = NO;
				SWIFT_VERSION = 5.0;
				TARGETED_DEVICE_FAMILY = "1,2";
				TEST_TARGET_NAME = cathnow;
			};
			name = Release;
		};
/* End XCBuildConfiguration section */

/* Begin XCConfigurationList section */
		E23E55762EA407C3000EB726 /* Build configuration list for PBXNativeTarget "CathNowLiveActivityExtension" */ = {
			isa = XCConfigurationList;
			buildConfigurations = (
				E23E55772EA407C3000EB726 /* Debug */,
				E23E55782EA407C3000EB726 /* Release */,
			);
			defaultConfigurationIsVisible = 0;
			defaultConfigurationName = Release;
		};
		E260B34B2E36D1B7000184C3 /* Build configuration list for PBXProject "cathrmdr" */ = {
			isa = XCConfigurationList;
			buildConfigurations = (
				E260B3742E36D1B8000184C3 /* Debug */,
				E260B3752E36D1B8000184C3 /* Release */,
			);
			defaultConfigurationIsVisible = 0;
			defaultConfigurationName = Release;
		};
		E260B3762E36D1B8000184C3 /* Build configuration list for PBXNativeTarget "cathrmdr" */ = {
			isa = XCConfigurationList;
			buildConfigurations = (
				E260B3772E36D1B8000184C3 /* Debug */,
				E260B3782E36D1B8000184C3 /* Release */,
			);
			defaultConfigurationIsVisible = 0;
			defaultConfigurationName = Release;
		};
		E260B3792E36D1B8000184C3 /* Build configuration list for PBXNativeTarget "cathrmdrTests" */ = {
			isa = XCConfigurationList;
			buildConfigurations = (
				E260B37A2E36D1B8000184C3 /* Debug */,
				E260B37B2E36D1B8000184C3 /* Release */,
			);
			defaultConfigurationIsVisible = 0;
			defaultConfigurationName = Release;
		};
		E260B37C2E36D1B8000184C3 /* Build configuration list for PBXNativeTarget "cathrmdrUITests" */ = {
			isa = XCConfigurationList;
			buildConfigurations = (
				E260B37D2E36D1B8000184C3 /* Debug */,
				E260B37E2E36D1B8000184C3 /* Release */,
			);
			defaultConfigurationIsVisible = 0;
			defaultConfigurationName = Release;
		};
/* End XCConfigurationList section */
	};
	rootObject = E260B3482E36D1B7000184C3 /* Project object */;
}
